
Microsoft Visual Studio Solution File, Format Version 12.00
# Visual Studio Version 16
VisualStudioVersion = 16.0.30114.105
MinimumVisualStudioVersion = 10.0.40219.1
Project("{FAE04EC0-301F-11D3-BF4B-00C04F79EFBC}") = "22.05_Hashtable", "22.05_Hashtable\22.05_Hashtable.csproj", "{0E315497-5F2C-4081-A692-FE188995FE72}"
EndProject
Global
	GlobalSection(SolutionConfigurationPlatforms) = preSolution
		Debug|Any CPU = Debug|Any CPU
		Release|Any CPU = Release|Any CPU
	EndGlobalSection
	GlobalSection(ProjectConfigurationPlatforms) = postSolution
		{0E315497-5F2C-4081-A692-FE188995FE72}.Debug|Any CPU.ActiveCfg = Debug|Any CPU
		{0E315497-5F2C-4081-A692-FE188995FE72}.Debug|Any CPU.Build.0 = Debug|Any CPU
		{0E315497-5F2C-4081-A692-FE188995FE72}.Release|Any CPU.ActiveCfg = Release|Any CPU
		{0E315497-5F2C-4081-A692-FE188995FE72}.Release|Any CPU.Build.0 = Release|Any CPU
	EndGlobalSection
	GlobalSection(SolutionProperties) = preSolution
		HideSolutionNode = FALSE
	EndGlobalSection
	GlobalSection(ExtensibilityGlobals) = postSolution
		SolutionGuid = {70633CD5-0227-445D-A7E2-E39B23B365BA}
	EndGlobalSection
EndGlobal
